
Microsoft Visual Studio Solution File, Format Version 12.00
# Visual Studio Version 17
VisualStudioVersion = 17.12.35527.113 d17.12
MinimumVisualStudioVersion = 10.0.40219.1
Project("{FAE04EC0-301F-11D3-BF4B-00C04F79EFBC}") = "MyConsoleApp", "MyConsoleApp\MyConsoleApp.csproj", "{FA967C1C-D3FC-4BDE-A89B-27A8E8B89EC1}"
EndProject
Project("{FAE04EC0-301F-11D3-BF4B-00C04F79EFBC}") = "MyLibrary", "MyLibrary\MyLibrary.csproj", "{9DCED081-D716-4D0B-BC0F-D7F499B1F577}"
EndProject
Global
	GlobalSection(SolutionConfigurationPlatforms) = preSolution
		Debug|Any CPU = Debug|Any CPU
		Release|Any CPU = Release|Any CPU
	EndGlobalSection
	GlobalSection(ProjectConfigurationPlatforms) = postSolution
		{FA967C1C-D3FC-4BDE-A89B-27A8E8B89EC1}.Debug|Any CPU.ActiveCfg = Debug|Any CPU
		{FA967C1C-D3FC-4BDE-A89B-27A8E8B89EC1}.Debug|Any CPU.Build.0 = Debug|Any CPU
		{FA967C1C-D3FC-4BDE-A89B-27A8E8B89EC1}.Release|Any CPU.ActiveCfg = Release|Any CPU
		{FA967C1C-D3FC-4BDE-A89B-27A8E8B89EC1}.Release|Any CPU.Build.0 = Release|Any CPU
		{9DCED081-D716-4D0B-BC0F-D7F499B1F577}.Debug|Any CPU.ActiveCfg = Debug|Any CPU
		{9DCED081-D716-4D0B-BC0F-D7F499B1F577}.Debug|Any CPU.Build.0 = Debug|Any CPU
		{9DCED081-D716-4D0B-BC0F-D7F499B1F577}.Release|Any CPU.ActiveCfg = Release|Any CPU
		{9DCED081-D716-4D0B-BC0F-D7F499B1F577}.Release|Any CPU.Build.0 = Release|Any CPU
	EndGlobalSection
	GlobalSection(SolutionProperties) = preSolution
		HideSolutionNode = FALSE
	EndGlobalSection
EndGlobal
