
Microsoft Visual Studio Solution File, Format Version 12.00
# Visual Studio Version 17
VisualStudioVersion = 17.12.35527.113 d17.12
MinimumVisualStudioVersion = 10.0.40219.1
Project("{FAE04EC0-301F-11D3-BF4B-00C04F79EFBC}") = "NorthWind.Entities", "NorthWind.Entities\NorthWind.Entities.csproj", "{DB5DD98F-1570-4D18-9219-40BF0532C216}"
EndProject
Project("{FAE04EC0-301F-11D3-BF4B-00C04F79EFBC}") = "NorthWind.ConsoleApp", "NorthWind.ConsoleApp\NorthWind.ConsoleApp.csproj", "{1BE373AF-A507-435D-9D9A-1046545D8EA2}"
EndProject
Project("{FAE04EC0-301F-11D3-BF4B-00C04F79EFBC}") = "NorthWind.Writters", "NorthWind.Writters\NorthWind.Writters.csproj", "{323C6697-2B16-4C91-96ED-A53B34BFD6E8}"
EndProject
Project("{FAE04EC0-301F-11D3-BF4B-00C04F79EFBC}") = "NorthWind.IoC", "NorthWind.IoC\NorthWind.IoC.csproj", "{ED33FAA7-D7A4-441C-8FD5-5C018052BF41}"
EndProject
Project("{FAE04EC0-301F-11D3-BF4B-00C04F79EFBC}") = "NorthWind.Core", "NorthWind.Core\NorthWind.Core.csproj", "{5A2FDE59-8903-4014-A634-49CF4A1D07B4}"
EndProject
Global
	GlobalSection(SolutionConfigurationPlatforms) = preSolution
		Debug|Any CPU = Debug|Any CPU
		Release|Any CPU = Release|Any CPU
	EndGlobalSection
	GlobalSection(ProjectConfigurationPlatforms) = postSolution
		{DB5DD98F-1570-4D18-9219-40BF0532C216}.Debug|Any CPU.ActiveCfg = Debug|Any CPU
		{DB5DD98F-1570-4D18-9219-40BF0532C216}.Debug|Any CPU.Build.0 = Debug|Any CPU
		{DB5DD98F-1570-4D18-9219-40BF0532C216}.Release|Any CPU.ActiveCfg = Release|Any CPU
		{DB5DD98F-1570-4D18-9219-40BF0532C216}.Release|Any CPU.Build.0 = Release|Any CPU
		{1BE373AF-A507-435D-9D9A-1046545D8EA2}.Debug|Any CPU.ActiveCfg = Debug|Any CPU
		{1BE373AF-A507-435D-9D9A-1046545D8EA2}.Debug|Any CPU.Build.0 = Debug|Any CPU
		{1BE373AF-A507-435D-9D9A-1046545D8EA2}.Release|Any CPU.ActiveCfg = Release|Any CPU
		{1BE373AF-A507-435D-9D9A-1046545D8EA2}.Release|Any CPU.Build.0 = Release|Any CPU
		{323C6697-2B16-4C91-96ED-A53B34BFD6E8}.Debug|Any CPU.ActiveCfg = Debug|Any CPU
		{323C6697-2B16-4C91-96ED-A53B34BFD6E8}.Debug|Any CPU.Build.0 = Debug|Any CPU
		{323C6697-2B16-4C91-96ED-A53B34BFD6E8}.Release|Any CPU.ActiveCfg = Release|Any CPU
		{323C6697-2B16-4C91-96ED-A53B34BFD6E8}.Release|Any CPU.Build.0 = Release|Any CPU
		{ED33FAA7-D7A4-441C-8FD5-5C018052BF41}.Debug|Any CPU.ActiveCfg = Debug|Any CPU
		{ED33FAA7-D7A4-441C-8FD5-5C018052BF41}.Debug|Any CPU.Build.0 = Debug|Any CPU
		{ED33FAA7-D7A4-441C-8FD5-5C018052BF41}.Release|Any CPU.ActiveCfg = Release|Any CPU
		{ED33FAA7-D7A4-441C-8FD5-5C018052BF41}.Release|Any CPU.Build.0 = Release|Any CPU
		{5A2FDE59-8903-4014-A634-49CF4A1D07B4}.Debug|Any CPU.ActiveCfg = Debug|Any CPU
		{5A2FDE59-8903-4014-A634-49CF4A1D07B4}.Debug|Any CPU.Build.0 = Debug|Any CPU
		{5A2FDE59-8903-4014-A634-49CF4A1D07B4}.Release|Any CPU.ActiveCfg = Release|Any CPU
		{5A2FDE59-8903-4014-A634-49CF4A1D07B4}.Release|Any CPU.Build.0 = Release|Any CPU
	EndGlobalSection
	GlobalSection(SolutionProperties) = preSolution
		HideSolutionNode = FALSE
	EndGlobalSection
EndGlobal
